// !$*UTF8*$!
{
	archiveVersion = 1;
	classes = {
	};
	objectVersion = 55;
	objects = {

/* Begin PBXBuildFile section */
		86C4118628B65BD60055AF63 /* Simple_Memo_Realm_MVVMApp.swift in Sources */ = {isa = PBXBuildFile; fileRef = 86C4118528B65BD60055AF63 /* Simple_Memo_Realm_MVVMApp.swift */; };
		86C4118828B65BD60055AF63 /* ContentView.swift in Sources */ = {isa = PBXBuildFile; fileRef = 86C4118728B65BD60055AF63 /* ContentView.swift */; };
		86C4118A28B65BD80055AF63 /* Assets.xcassets in Resources */ = {isa = PBXBuildFile; fileRef = 86C4118928B65BD80055AF63 /* Assets.xcassets */; };
		86C4118D28B65BD80055AF63 /* Preview Assets.xcassets in Resources */ = {isa = PBXBuildFile; fileRef = 86C4118C28B65BD80055AF63 /* Preview Assets.xcassets */; };
		86C4119728B65BD80055AF63 /* Simple_Memo_Realm_MVVMTests.swift in Sources */ = {isa = PBXBuildFile; fileRef = 86C4119628B65BD80055AF63 /* Simple_Memo_Realm_MVVMTests.swift */; };
		86C411A128B65BD90055AF63 /* Simple_Memo_Realm_MVVMUITests.swift in Sources */ = {isa = PBXBuildFile; fileRef = 86C411A028B65BD90055AF63 /* Simple_Memo_Realm_MVVMUITests.swift */; };
		86C411A328B65BD90055AF63 /* Simple_Memo_Realm_MVVMUITestsLaunchTests.swift in Sources */ = {isa = PBXBuildFile; fileRef = 86C411A228B65BD90055AF63 /* Simple_Memo_Realm_MVVMUITestsLaunchTests.swift */; };
		86C411B328B65CB50055AF63 /* Data.swift in Sources */ = {isa = PBXBuildFile; fileRef = 86C411B228B65CB50055AF63 /* Data.swift */; };
		86C411B528B65CD40055AF63 /* MemoEditor.swift in Sources */ = {isa = PBXBuildFile; fileRef = 86C411B428B65CD40055AF63 /* MemoEditor.swift */; };
		86C411B728B65CE80055AF63 /* MemoDetailView.swift in Sources */ = {isa = PBXBuildFile; fileRef = 86C411B628B65CE80055AF63 /* MemoDetailView.swift */; };
		86C411B928B65CFE0055AF63 /* MemoThumbnailView.swift in Sources */ = {isa = PBXBuildFile; fileRef = 86C411B828B65CFE0055AF63 /* MemoThumbnailView.swift */; };
		86C411BB28B65D0B0055AF63 /* MemoViewModel.swift in Sources */ = {isa = PBXBuildFile; fileRef = 86C411BA28B65D0B0055AF63 /* MemoViewModel.swift */; };
		E05FC6EF7B8F555FA9A8204A /* Pods_Simple_Memo_Realm_MVVM.framework in Frameworks */ = {isa = PBXBuildFile; fileRef = C85B84158176DA77F47CB0D9 /* Pods_Simple_Memo_Realm_MVVM.framework */; };
/* End PBXBuildFile section */

/* Begin PBXContainerItemProxy section */
		86C4119328B65BD80055AF63 /* PBXContainerItemProxy */ = {
			isa = PBXContainerItemProxy;
			containerPortal = 86C4117A28B65BD60055AF63 /* Project object */;
			proxyType = 1;
			remoteGlobalIDString = 86C4118128B65BD60055AF63;
			remoteInfo = Simple_Memo_Realm_MVVM;
		};
		86C4119D28B65BD90055AF63 /* PBXContainerItemProxy */ = {
			isa = PBXContainerItemProxy;
			containerPortal = 86C4117A28B65BD60055AF63 /* Project object */;
			proxyType = 1;
			remoteGlobalIDString = 86C4118128B65BD60055AF63;
			remoteInfo = Simple_Memo_Realm_MVVM;
		};
/* End PBXContainerItemProxy section */

/* Begin PBXFileReference section */
		86C4118228B65BD60055AF63 /* Simple_Memo_Realm_MVVM.app */ = {isa = PBXFileReference; explicitFileType = wrapper.application; includeInIndex = 0; path = Simple_Memo_Realm_MVVM.app; sourceTree = BUILT_PRODUCTS_DIR; };
		86C4118528B65BD60055AF63 /* Simple_Memo_Realm_MVVMApp.swift */ = {isa = PBXFileReference; lastKnownFileType = sourcecode.swift; path = Simple_Memo_Realm_MVVMApp.swift; sourceTree = "<group>"; };
		86C4118728B65BD60055AF63 /* ContentView.swift */ = {isa = PBXFileReference; lastKnownFileType = sourcecode.swift; path = ContentView.swift; sourceTree = "<group>"; };
		86C4118928B65BD80055AF63 /* Assets.xcassets */ = {isa = PBXFileReference; lastKnownFileType = folder.assetcatalog; path = Assets.xcassets; sourceTree = "<group>"; };
		86C4118C28B65BD80055AF63 /* Preview Assets.xcassets */ = {isa = PBXFileReference; lastKnownFileType = folder.assetcatalog; path = "Preview Assets.xcassets"; sourceTree = "<group>"; };
		86C4119228B65BD80055AF63 /* Simple_Memo_Realm_MVVMTests.xctest */ = {isa = PBXFileReference; explicitFileType = wrapper.cfbundle; includeInIndex = 0; path = Simple_Memo_Realm_MVVMTests.xctest; sourceTree = BUILT_PRODUCTS_DIR; };
		86C4119628B65BD80055AF63 /* Simple_Memo_Realm_MVVMTests.swift */ = {isa = PBXFileReference; lastKnownFileType = sourcecode.swift; path = Simple_Memo_Realm_MVVMTests.swift; sourceTree = "<group>"; };
		86C4119C28B65BD90055AF63 /* Simple_Memo_Realm_MVVMUITests.xctest */ = {isa = PBXFileReference; explicitFileType = wrapper.cfbundle; includeInIndex = 0; path = Simple_Memo_Realm_MVVMUITests.xctest; sourceTree = BUILT_PRODUCTS_DIR; };
		86C411A028B65BD90055AF63 /* Simple_Memo_Realm_MVVMUITests.swift */ = {isa = PBXFileReference; lastKnownFileType = sourcecode.swift; path = Simple_Memo_Realm_MVVMUITests.swift; sourceTree = "<group>"; };
		86C411A228B65BD90055AF63 /* Simple_Memo_Realm_MVVMUITestsLaunchTests.swift */ = {isa = PBXFileReference; lastKnownFileType = sourcecode.swift; path = Simple_Memo_Realm_MVVMUITestsLaunchTests.swift; sourceTree = "<group>"; };
		86C411B228B65CB50055AF63 /* Data.swift */ = {isa = PBXFileReference; lastKnownFileType = sourcecode.swift; path = Data.swift; sourceTree = "<group>"; };
		86C411B428B65CD40055AF63 /* MemoEditor.swift */ = {isa = PBXFileReference; lastKnownFileType = sourcecode.swift; path = MemoEditor.swift; sourceTree = "<group>"; };
		86C411B628B65CE80055AF63 /* MemoDetailView.swift */ = {isa = PBXFileReference; lastKnownFileType = sourcecode.swift; path = MemoDetailView.swift; sourceTree = "<group>"; };
		86C411B828B65CFE0055AF63 /* MemoThumbnailView.swift */ = {isa = PBXFileReference; lastKnownFileType = sourcecode.swift; path = MemoThumbnailView.swift; sourceTree = "<group>"; };
		86C411BA28B65D0B0055AF63 /* MemoViewModel.swift */ = {isa = PBXFileReference; lastKnownFileType = sourcecode.swift; path = MemoViewModel.swift; sourceTree = "<group>"; };
		C85B84158176DA77F47CB0D9 /* Pods_Simple_Memo_Realm_MVVM.framework */ = {isa = PBXFileReference; explicitFileType = wrapper.framework; includeInIndex = 0; path = Pods_Simple_Memo_Realm_MVVM.framework; sourceTree = BUILT_PRODUCTS_DIR; };
		F459A2F547372BF42685E7BC /* Pods-Simple_Memo_Realm_MVVM.release.xcconfig */ = {isa = PBXFileReference; includeInIndex = 1; lastKnownFileType = text.xcconfig; name = "Pods-Simple_Memo_Realm_MVVM.release.xcconfig"; path = "Target Support Files/Pods-Simple_Memo_Realm_MVVM/Pods-Simple_Memo_Realm_MVVM.release.xcconfig"; sourceTree = "<group>"; };
		F51234A499D08E4B75C7D0DA /* Pods-Simple_Memo_Realm_MVVM.debug.xcconfig */ = {isa = PBXFileReference; includeInIndex = 1; lastKnownFileType = text.xcconfig; name = "Pods-Simple_Memo_Realm_MVVM.debug.xcconfig"; path = "Target Support Files/Pods-Simple_Memo_Realm_MVVM/Pods-Simple_Memo_Realm_MVVM.debug.xcconfig"; sourceTree = "<group>"; };
/* End PBXFileReference section */

/* Begin PBXFrameworksBuildPhase section */
		86C4117F28B65BD60055AF63 /* Frameworks */ = {
			isa = PBXFrameworksBuildPhase;
			buildActionMask = 2147483647;
			files = (
				E05FC6EF7B8F555FA9A8204A /* Pods_Simple_Memo_Realm_MVVM.framework in Frameworks */,
			);
			runOnlyForDeploymentPostprocessing = 0;
		};
		86C4118F28B65BD80055AF63 /* Frameworks */ = {
			isa = PBXFrameworksBuildPhase;
			buildActionMask = 2147483647;
			files = (
			);
			runOnlyForDeploymentPostprocessing = 0;
		};
		86C4119928B65BD90055AF63 /* Frameworks */ = {
			isa = PBXFrameworksBuildPhase;
			buildActionMask = 2147483647;
			files = (
			);
			runOnlyForDeploymentPostprocessing = 0;
		};
/* End PBXFrameworksBuildPhase section */

/* Begin PBXGroup section */
		25228304B8DB98DD9807296B /* Pods */ = {
			isa = PBXGroup;
			children = (
				F51234A499D08E4B75C7D0DA /* Pods-Simple_Memo_Realm_MVVM.debug.xcconfig */,
				F459A2F547372BF42685E7BC /* Pods-Simple_Memo_Realm_MVVM.release.xcconfig */,
			);
			path = Pods;
			sourceTree = "<group>";
		};
		2DFB438B81A4E75A46C6BBBD /* Frameworks */ = {
			isa = PBXGroup;
			children = (
				C85B84158176DA77F47CB0D9 /* Pods_Simple_Memo_Realm_MVVM.framework */,
			);
			name = Frameworks;
			sourceTree = "<group>";
		};
		86C4117928B65BD60055AF63 = {
			isa = PBXGroup;
			children = (
				86C4118428B65BD60055AF63 /* Simple_Memo_Realm_MVVM */,
				86C4119528B65BD80055AF63 /* Simple_Memo_Realm_MVVMTests */,
				86C4119F28B65BD90055AF63 /* Simple_Memo_Realm_MVVMUITests */,
				86C4118328B65BD60055AF63 /* Products */,
				25228304B8DB98DD9807296B /* Pods */,
				2DFB438B81A4E75A46C6BBBD /* Frameworks */,
			);
			sourceTree = "<group>";
		};
		86C4118328B65BD60055AF63 /* Products */ = {
			isa = PBXGroup;
			children = (
				86C4118228B65BD60055AF63 /* Simple_Memo_Realm_MVVM.app */,
				86C4119228B65BD80055AF63 /* Simple_Memo_Realm_MVVMTests.xctest */,
				86C4119C28B65BD90055AF63 /* Simple_Memo_Realm_MVVMUITests.xctest */,
			);
			name = Products;
			sourceTree = "<group>";
		};
		86C4118428B65BD60055AF63 /* Simple_Memo_Realm_MVVM */ = {
			isa = PBXGroup;
			children = (
				86C411B128B65C790055AF63 /* Model */,
				86C411B028B65C740055AF63 /* View */,
				86C411AF28B65C6B0055AF63 /* ViewModel */,
				86C4118528B65BD60055AF63 /* Simple_Memo_Realm_MVVMApp.swift */,
				86C4118928B65BD80055AF63 /* Assets.xcassets */,
				86C4118B28B65BD80055AF63 /* Preview Content */,
			);
			path = Simple_Memo_Realm_MVVM;
			sourceTree = "<group>";
		};
		86C4118B28B65BD80055AF63 /* Preview Content */ = {
			isa = PBXGroup;
			children = (
				86C4118C28B65BD80055AF63 /* Preview Assets.xcassets */,
			);
			path = "Preview Content";
			sourceTree = "<group>";
		};
		86C4119528B65BD80055AF63 /* Simple_Memo_Realm_MVVMTests */ = {
			isa = PBXGroup;
			children = (
				86C4119628B65BD80055AF63 /* Simple_Memo_Realm_MVVMTests.swift */,
			);
			path = Simple_Memo_Realm_MVVMTests;
			sourceTree = "<group>";
		};
		86C4119F28B65BD90055AF63 /* Simple_Memo_Realm_MVVMUITests */ = {
			isa = PBXGroup;
			children = (
				86C411A028B65BD90055AF63 /* Simple_Memo_Realm_MVVMUITests.swift */,
				86C411A228B65BD90055AF63 /* Simple_Memo_Realm_MVVMUITestsLaunchTests.swift */,
			);
			path = Simple_Memo_Realm_MVVMUITests;
			sourceTree = "<group>";
		};
		86C411AF28B65C6B0055AF63 /* ViewModel */ = {
			isa = PBXGroup;
			children = (
				86C411BA28B65D0B0055AF63 /* MemoViewModel.swift */,
			);
			path = ViewModel;
			sourceTree = "<group>";
		};
		86C411B028B65C740055AF63 /* View */ = {
			isa = PBXGroup;
			children = (
				86C4118728B65BD60055AF63 /* ContentView.swift */,
				86C411B428B65CD40055AF63 /* MemoEditor.swift */,
				86C411B628B65CE80055AF63 /* MemoDetailView.swift */,
				86C411B828B65CFE0055AF63 /* MemoThumbnailView.swift */,
			);
			path = View;
			sourceTree = "<group>";
		};
		86C411B128B65C790055AF63 /* Model */ = {
			isa = PBXGroup;
			children = (
				86C411B228B65CB50055AF63 /* Data.swift */,
			);
			path = Model;
			sourceTree = "<group>";
		};
/* End PBXGroup section */

/* Begin PBXNativeTarget section */
		86C4118128B65BD60055AF63 /* Simple_Memo_Realm_MVVM */ = {
			isa = PBXNativeTarget;
			buildConfigurationList = 86C411A628B65BD90055AF63 /* Build configuration list for PBXNativeTarget "Simple_Memo_Realm_MVVM" */;
			buildPhases = (
				9BE25B2A5DE8B6AAB67CF16A /* [CP] Check Pods Manifest.lock */,
				86C4117E28B65BD60055AF63 /* Sources */,
				86C4117F28B65BD60055AF63 /* Frameworks */,
				86C4118028B65BD60055AF63 /* Resources */,
				501DB6E966188C8461CCE12B /* [CP] Embed Pods Frameworks */,
			);
			buildRules = (
			);
			dependencies = (
			);
			name = Simple_Memo_Realm_MVVM;
			productName = Simple_Memo_Realm_MVVM;
			productReference = 86C4118228B65BD60055AF63 /* Simple_Memo_Realm_MVVM.app */;
			productType = "com.apple.product-type.application";
		};
		86C4119128B65BD80055AF63 /* Simple_Memo_Realm_MVVMTests */ = {
			isa = PBXNativeTarget;
			buildConfigurationList = 86C411A928B65BD90055AF63 /* Build configuration list for PBXNativeTarget "Simple_Memo_Realm_MVVMTests" */;
			buildPhases = (
				86C4118E28B65BD80055AF63 /* Sources */,
				86C4118F28B65BD80055AF63 /* Frameworks */,
				86C4119028B65BD80055AF63 /* Resources */,
			);
			buildRules = (
			);
			dependencies = (
				86C4119428B65BD80055AF63 /* PBXTargetDependency */,
			);
			name = Simple_Memo_Realm_MVVMTests;
			productName = Simple_Memo_Realm_MVVMTests;
			productReference = 86C4119228B65BD80055AF63 /* Simple_Memo_Realm_MVVMTests.xctest */;
			productType = "com.apple.product-type.bundle.unit-test";
		};
		86C4119B28B65BD90055AF63 /* Simple_Memo_Realm_MVVMUITests */ = {
			isa = PBXNativeTarget;
			buildConfigurationList = 86C411AC28B65BD90055AF63 /* Build configuration list for PBXNativeTarget "Simple_Memo_Realm_MVVMUITests" */;
			buildPhases = (
				86C4119828B65BD90055AF63 /* Sources */,
				86C4119928B65BD90055AF63 /* Frameworks */,
				86C4119A28B65BD90055AF63 /* Resources */,
			);
			buildRules = (
			);
			dependencies = (
				86C4119E28B65BD90055AF63 /* PBXTargetDependency */,
			);
			name = Simple_Memo_Realm_MVVMUITests;
			productName = Simple_Memo_Realm_MVVMUITests;
			productReference = 86C4119C28B65BD90055AF63 /* Simple_Memo_Realm_MVVMUITests.xctest */;
			productType = "com.apple.product-type.bundle.ui-testing";
		};
/* End PBXNativeTarget section */

/* Begin PBXProject section */
		86C4117A28B65BD60055AF63 /* Project object */ = {
			isa = PBXProject;
			attributes = {
				BuildIndependentTargetsInParallel = 1;
				LastSwiftUpdateCheck = 1340;
				LastUpgradeCheck = 1340;
				TargetAttributes = {
					86C4118128B65BD60055AF63 = {
						CreatedOnToolsVersion = 13.4;
					};
					86C4119128B65BD80055AF63 = {
						CreatedOnToolsVersion = 13.4;
						TestTargetID = 86C4118128B65BD60055AF63;
					};
					86C4119B28B65BD90055AF63 = {
						CreatedOnToolsVersion = 13.4;
						TestTargetID = 86C4118128B65BD60055AF63;
					};
				};
			};
			buildConfigurationList = 86C4117D28B65BD60055AF63 /* Build configuration list for PBXProject "Simple_Memo_Realm_MVVM" */;
			compatibilityVersion = "Xcode 13.0";
			developmentRegion = en;
			hasScannedForEncodings = 0;
			knownRegions = (
				en,
				Base,
			);
			mainGroup = 86C4117928B65BD60055AF63;
			productRefGroup = 86C4118328B65BD60055AF63 /* Products */;
			projectDirPath = "";
			projectRoot = "";
			targets = (
				86C4118128B65BD60055AF63 /* Simple_Memo_Realm_MVVM */,
				86C4119128B65BD80055AF63 /* Simple_Memo_Realm_MVVMTests */,
				86C4119B28B65BD90055AF63 /* Simple_Memo_Realm_MVVMUITests */,
			);
		};
/* End PBXProject section */

/* Begin PBXResourcesBuildPhase section */
		86C4118028B65BD60055AF63 /* Resources */ = {
			isa = PBXResourcesBuildPhase;
			buildActionMask = 2147483647;
			files = (
				86C4118D28B65BD80055AF63 /* Preview Assets.xcassets in Resources */,
				86C4118A28B65BD80055AF63 /* Assets.xcassets in Resources */,
			);
			runOnlyForDeploymentPostprocessing = 0;
		};
		86C4119028B65BD80055AF63 /* Resources */ = {
			isa = PBXResourcesBuildPhase;
			buildActionMask = 2147483647;
			files = (
			);
			runOnlyForDeploymentPostprocessing = 0;
		};
		86C4119A28B65BD90055AF63 /* Resources */ = {
			isa = PBXResourcesBuildPhase;
			buildActionMask = 2147483647;
			files = (
			);
			runOnlyForDeploymentPostprocessing = 0;
		};
/* End PBXResourcesBuildPhase section */

/* Begin PBXShellScriptBuildPhase section */
		501DB6E966188C8461CCE12B /* [CP] Embed Pods Frameworks */ = {
			isa = PBXShellScriptBuildPhase;
			buildActionMask = 2147483647;
			files = (
			);
			inputFileListPaths = (
				"${PODS_ROOT}/Target Support Files/Pods-Simple_Memo_Realm_MVVM/Pods-Simple_Memo_Realm_MVVM-frameworks-${CONFIGURATION}-input-files.xcfilelist",
			);
			name = "[CP] Embed Pods Frameworks";
			outputFileListPaths = (
				"${PODS_ROOT}/Target Support Files/Pods-Simple_Memo_Realm_MVVM/Pods-Simple_Memo_Realm_MVVM-frameworks-${CONFIGURATION}-output-files.xcfilelist",
			);
			runOnlyForDeploymentPostprocessing = 0;
			shellPath = /bin/sh;
			shellScript = "\"${PODS_ROOT}/Target Support Files/Pods-Simple_Memo_Realm_MVVM/Pods-Simple_Memo_Realm_MVVM-frameworks.sh\"\n";
			showEnvVarsInLog = 0;
		};
		9BE25B2A5DE8B6AAB67CF16A /* [CP] Check Pods Manifest.lock */ = {
			isa = PBXShellScriptBuildPhase;
			buildActionMask = 2147483647;
			files = (
			);
			inputFileListPaths = (
			);
			inputPaths = (
				"${PODS_PODFILE_DIR_PATH}/Podfile.lock",
				"${PODS_ROOT}/Manifest.lock",
			);
			name = "[CP] Check Pods Manifest.lock";
			outputFileListPaths = (
			);
			outputPaths = (
				"$(DERIVED_FILE_DIR)/Pods-Simple_Memo_Realm_MVVM-checkManifestLockResult.txt",
			);
			runOnlyForDeploymentPostprocessing = 0;
			shellPath = /bin/sh;
			shellScript = "diff \"${PODS_PODFILE_DIR_PATH}/Podfile.lock\" \"${PODS_ROOT}/Manifest.lock\" > /dev/null\nif [ $? != 0 ] ; then\n    # print error to STDERR\n    echo \"error: The sandbox is not in sync with the Podfile.lock. Run 'pod install' or update your CocoaPods installation.\" >&2\n    exit 1\nfi\n# This output is used by Xcode 'outputs' to avoid re-running this script phase.\necho \"SUCCESS\" > \"${SCRIPT_OUTPUT_FILE_0}\"\n";
			showEnvVarsInLog = 0;
		};
/* End PBXShellScriptBuildPhase section */

/* Begin PBXSourcesBuildPhase section */
		86C4117E28B65BD60055AF63 /* Sources */ = {
			isa = PBXSourcesBuildPhase;
			buildActionMask = 2147483647;
			files = (
				86C411B528B65CD40055AF63 /* MemoEditor.swift in Sources */,
				86C411BB28B65D0B0055AF63 /* MemoViewModel.swift in Sources */,
				86C4118828B65BD60055AF63 /* ContentView.swift in Sources */,
				86C411B328B65CB50055AF63 /* Data.swift in Sources */,
				86C411B728B65CE80055AF63 /* MemoDetailView.swift in Sources */,
				86C4118628B65BD60055AF63 /* Simple_Memo_Realm_MVVMApp.swift in Sources */,
				86C411B928B65CFE0055AF63 /* MemoThumbnailView.swift in Sources */,
			);
			runOnlyForDeploymentPostprocessing = 0;
		};
		86C4118E28B65BD80055AF63 /* Sources */ = {
			isa = PBXSourcesBuildPhase;
			buildActionMask = 2147483647;
			files = (
				86C4119728B65BD80055AF63 /* Simple_Memo_Realm_MVVMTests.swift in Sources */,
			);
			runOnlyForDeploymentPostprocessing = 0;
		};
		86C4119828B65BD90055AF63 /* Sources */ = {
			isa = PBXSourcesBuildPhase;
			buildActionMask = 2147483647;
			files = (
				86C411A328B65BD90055AF63 /* Simple_Memo_Realm_MVVMUITestsLaunchTests.swift in Sources */,
				86C411A128B65BD90055AF63 /* Simple_Memo_Realm_MVVMUITests.swift in Sources */,
			);
			runOnlyForDeploymentPostprocessing = 0;
		};
/* End PBXSourcesBuildPhase section */

/* Begin PBXTargetDependency section */
		86C4119428B65BD80055AF63 /* PBXTargetDependency */ = {
			isa = PBXTargetDependency;
			target = 86C4118128B65BD60055AF63 /* Simple_Memo_Realm_MVVM */;
			targetProxy = 86C4119328B65BD80055AF63 /* PBXContainerItemProxy */;
		};
		86C4119E28B65BD90055AF63 /* PBXTargetDependency */ = {
			isa = PBXTargetDependency;
			target = 86C4118128B65BD60055AF63 /* Simple_Memo_Realm_MVVM */;
			targetProxy = 86C4119D28B65BD90055AF63 /* PBXContainerItemProxy */;
		};
/* End PBXTargetDependency section */

/* Begin XCBuildConfiguration section */
		86C411A428B65BD90055AF63 /* Debug */ = {
			isa = XCBuildConfiguration;
			buildSettings = {
				ALWAYS_SEARCH_USER_PATHS = NO;
				CLANG_ANALYZER_NONNULL = YES;
				CLANG_ANALYZER_NUMBER_OBJECT_CONVERSION = YES_AGGRESSIVE;
				CLANG_CXX_LANGUAGE_STANDARD = "gnu++17";
				CLANG_ENABLE_MODULES = YES;
				CLANG_ENABLE_OBJC_ARC = YES;
				CLANG_ENABLE_OBJC_WEAK = YES;
				CLANG_WARN_BLOCK_CAPTURE_AUTORELEASING = YES;
				CLANG_WARN_BOOL_CONVERSION = YES;
				CLANG_WARN_COMMA = YES;
				CLANG_WARN_CONSTANT_CONVERSION = YES;
				CLANG_WARN_DEPRECATED_OBJC_IMPLEMENTATIONS = YES;
				CLANG_WARN_DIRECT_OBJC_ISA_USAGE = YES_ERROR;
				CLANG_WARN_DOCUMENTATION_COMMENTS = YES;
				CLANG_WARN_EMPTY_BODY = YES;
				CLANG_WARN_ENUM_CONVERSION = YES;
				CLANG_WARN_INFINITE_RECURSION = YES;
				CLANG_WARN_INT_CONVERSION = YES;
				CLANG_WARN_NON_LITERAL_NULL_CONVERSION = YES;
				CLANG_WARN_OBJC_IMPLICIT_RETAIN_SELF = YES;
				CLANG_WARN_OBJC_LITERAL_CONVERSION = YES;
				CLANG_WARN_OBJC_ROOT_CLASS = YES_ERROR;
				CLANG_WARN_QUOTED_INCLUDE_IN_FRAMEWORK_HEADER = YES;
				CLANG_WARN_RANGE_LOOP_ANALYSIS = YES;
				CLANG_WARN_STRICT_PROTOTYPES = YES;
				CLANG_WARN_SUSPICIOUS_MOVE = YES;
				CLANG_WARN_UNGUARDED_AVAILABILITY = YES_AGGRESSIVE;
				CLANG_WARN_UNREACHABLE_CODE = YES;
				CLANG_WARN__DUPLICATE_METHOD_MATCH = YES;
				COPY_PHASE_STRIP = NO;
				DEBUG_INFORMATION_FORMAT = dwarf;
				ENABLE_STRICT_OBJC_MSGSEND = YES;
				ENABLE_TESTABILITY = YES;
				GCC_C_LANGUAGE_STANDARD = gnu11;
				GCC_DYNAMIC_NO_PIC = NO;
				GCC_NO_COMMON_BLOCKS = YES;
				GCC_OPTIMIZATION_LEVEL = 0;
				GCC_PREPROCESSOR_DEFINITIONS = (
					"DEBUG=1",
					"$(inherited)",
				);
				GCC_WARN_64_TO_32_BIT_CONVERSION = YES;
				GCC_WARN_ABOUT_RETURN_TYPE = YES_ERROR;
				GCC_WARN_UNDECLARED_SELECTOR = YES;
				GCC_WARN_UNINITIALIZED_AUTOS = YES_AGGRESSIVE;
				GCC_WARN_UNUSED_FUNCTION = YES;
				GCC_WARN_UNUSED_VARIABLE = YES;
				IPHONEOS_DEPLOYMENT_TARGET = 15.0;
				MTL_ENABLE_DEBUG_INFO = INCLUDE_SOURCE;
				MTL_FAST_MATH = YES;
				ONLY_ACTIVE_ARCH = YES;
				SDKROOT = iphoneos;
				SWIFT_ACTIVE_COMPILATION_CONDITIONS = DEBUG;
				SWIFT_OPTIMIZATION_LEVEL = "-Onone";
			};
			name = Debug;
		};
		86C411A528B65BD90055AF63 /* Release */ = {
			isa = XCBuildConfiguration;
			buildSettings = {
				ALWAYS_SEARCH_USER_PATHS = NO;
				CLANG_ANALYZER_NONNULL = YES;
				CLANG_ANALYZER_NUMBER_OBJECT_CONVERSION = YES_AGGRESSIVE;
				CLANG_CXX_LANGUAGE_STANDARD = "gnu++17";
				CLANG_ENABLE_MODULES = YES;
				CLANG_ENABLE_OBJC_ARC = YES;
				CLANG_ENABLE_OBJC_WEAK = YES;
				CLANG_WARN_BLOCK_CAPTURE_AUTORELEASING = YES;
				CLANG_WARN_BOOL_CONVERSION = YES;
				CLANG_WARN_COMMA = YES;
				CLANG_WARN_CONSTANT_CONVERSION = YES;
				CLANG_WARN_DEPRECATED_OBJC_IMPLEMENTATIONS = YES;
				CLANG_WARN_DIRECT_OBJC_ISA_USAGE = YES_ERROR;
				CLANG_WARN_DOCUMENTATION_COMMENTS = YES;
				CLANG_WARN_EMPTY_BODY = YES;
				CLANG_WARN_ENUM_CONVERSION = YES;
				CLANG_WARN_INFINITE_RECURSION = YES;
				CLANG_WARN_INT_CONVERSION = YES;
				CLANG_WARN_NON_LITERAL_NULL_CONVERSION = YES;
				CLANG_WARN_OBJC_IMPLICIT_RETAIN_SELF = YES;
				CLANG_WARN_OBJC_LITERAL_CONVERSION = YES;
				CLANG_WARN_OBJC_ROOT_CLASS = YES_ERROR;
				CLANG_WARN_QUOTED_INCLUDE_IN_FRAMEWORK_HEADER = YES;
				CLANG_WARN_RANGE_LOOP_ANALYSIS = YES;
				CLANG_WARN_STRICT_PROTOTYPES = YES;
				CLANG_WARN_SUSPICIOUS_MOVE = YES;
				CLANG_WARN_UNGUARDED_AVAILABILITY = YES_AGGRESSIVE;
				CLANG_WARN_UNREACHABLE_CODE = YES;
				CLANG_WARN__DUPLICATE_METHOD_MATCH = YES;
				COPY_PHASE_STRIP = NO;
				DEBUG_INFORMATION_FORMAT = "dwarf-with-dsym";
				ENABLE_NS_ASSERTIONS = NO;
				ENABLE_STRICT_OBJC_MSGSEND = YES;
				GCC_C_LANGUAGE_STANDARD = gnu11;
				GCC_NO_COMMON_BLOCKS = YES;
				GCC_WARN_64_TO_32_BIT_CONVERSION = YES;
				GCC_WARN_ABOUT_RETURN_TYPE = YES_ERROR;
				GCC_WARN_UNDECLARED_SELECTOR = YES;
				GCC_WARN_UNINITIALIZED_AUTOS = YES_AGGRESSIVE;
				GCC_WARN_UNUSED_FUNCTION = YES;
				GCC_WARN_UNUSED_VARIABLE = YES;
				IPHONEOS_DEPLOYMENT_TARGET = 15.0;
				MTL_ENABLE_DEBUG_INFO = NO;
				MTL_FAST_MATH = YES;
				SDKROOT = iphoneos;
				SWIFT_COMPILATION_MODE = wholemodule;
				SWIFT_OPTIMIZATION_LEVEL = "-O";
				VALIDATE_PRODUCT = YES;
			};
			name = Release;
		};
		86C411A728B65BD90055AF63 /* Debug */ = {
			isa = XCBuildConfiguration;
			baseConfigurationReference = F51234A499D08E4B75C7D0DA /* Pods-Simple_Memo_Realm_MVVM.debug.xcconfig */;
			buildSettings = {
				ASSETCATALOG_COMPILER_APPICON_NAME = AppIcon;
				ASSETCATALOG_COMPILER_GLOBAL_ACCENT_COLOR_NAME = AccentColor;
				CODE_SIGN_STYLE = Automatic;
				CURRENT_PROJECT_VERSION = 1;
				DEVELOPMENT_ASSET_PATHS = "\"Simple_Memo_Realm_MVVM/Preview Content\"";
				DEVELOPMENT_TEAM = 3R7XZ6SCLH;
				ENABLE_PREVIEWS = YES;
				GENERATE_INFOPLIST_FILE = YES;
				INFOPLIST_KEY_UIApplicationSceneManifest_Generation = YES;
				INFOPLIST_KEY_UIApplicationSupportsIndirectInputEvents = YES;
				INFOPLIST_KEY_UILaunchScreen_Generation = YES;
				INFOPLIST_KEY_UISupportedInterfaceOrientations_iPad = "UIInterfaceOrientationPortrait UIInterfaceOrientationPortraitUpsideDown UIInterfaceOrientationLandscapeLeft UIInterfaceOrientationLandscapeRight";
				INFOPLIST_KEY_UISupportedInterfaceOrientations_iPhone = "UIInterfaceOrientationPortrait UIInterfaceOrientationLandscapeLeft UIInterfaceOrientationLandscapeRight";
				LD_RUNPATH_SEARCH_PATHS = (
					"$(inherited)",
					"@executable_path/Frameworks",
				);
				MARKETING_VERSION = 1.0;
				PRODUCT_BUNDLE_IDENTIFIER = "Minion.Simple-Memo-Realm-MVVM";
				PRODUCT_NAME = "$(TARGET_NAME)";
				SWIFT_EMIT_LOC_STRINGS = YES;
				SWIFT_VERSION = 5.0;
				TARGETED_DEVICE_FAMILY = "1,2";
			};
			name = Debug;
		};
		86C411A828B65BD90055AF63 /* Release */ = {
			isa = XCBuildConfiguration;
			baseConfigurationReference = F459A2F547372BF42685E7BC /* Pods-Simple_Memo_Realm_MVVM.release.xcconfig */;
			buildSettings = {
				ASSETCATALOG_COMPILER_APPICON_NAME = AppIcon;
				ASSETCATALOG_COMPILER_GLOBAL_ACCENT_COLOR_NAME = AccentColor;
				CODE_SIGN_STYLE = Automatic;
				CURRENT_PROJECT_VERSION = 1;
				DEVELOPMENT_ASSET_PATHS = "\"Simple_Memo_Realm_MVVM/Preview Content\"";
				DEVELOPMENT_TEAM = 3R7XZ6SCLH;
				ENABLE_PREVIEWS = YES;
				GENERATE_INFOPLIST_FILE = YES;
				INFOPLIST_KEY_UIApplicationSceneManifest_Generation = YES;
				INFOPLIST_KEY_UIApplicationSupportsIndirectInputEvents = YES;
				INFOPLIST_KEY_UILaunchScreen_Generation = YES;
				INFOPLIST_KEY_UISupportedInterfaceOrientations_iPad = "UIInterfaceOrientationPortrait UIInterfaceOrientationPortraitUpsideDown UIInterfaceOrientationLandscapeLeft UIInterfaceOrientationLandscapeRight";
				INFOPLIST_KEY_UISupportedInterfaceOrientations_iPhone = "UIInterfaceOrientationPortrait UIInterfaceOrientationLandscapeLeft UIInterfaceOrientationLandscapeRight";
				LD_RUNPATH_SEARCH_PATHS = (
					"$(inherited)",
					"@executable_path/Frameworks",
				);
				MARKETING_VERSION = 1.0;
				PRODUCT_BUNDLE_IDENTIFIER = "Minion.Simple-Memo-Realm-MVVM";
				PRODUCT_NAME = "$(TARGET_NAME)";
				SWIFT_EMIT_LOC_STRINGS = YES;
				SWIFT_VERSION = 5.0;
				TARGETED_DEVICE_FAMILY = "1,2";
			};
			name = Release;
		};
		86C411AA28B65BD90055AF63 /* Debug */ = {
			isa = XCBuildConfiguration;
			buildSettings = {
				ALWAYS_EMBED_SWIFT_STANDARD_LIBRARIES = YES;
				BUNDLE_LOADER = "$(TEST_HOST)";
				CODE_SIGN_STYLE = Automatic;
				CURRENT_PROJECT_VERSION = 1;
				DEVELOPMENT_TEAM = 3R7XZ6SCLH;
				GENERATE_INFOPLIST_FILE = YES;
				IPHONEOS_DEPLOYMENT_TARGET = 15.5;
				MARKETING_VERSION = 1.0;
				PRODUCT_BUNDLE_IDENTIFIER = "Minion.Simple-Memo-Realm-MVVMTests";
				PRODUCT_NAME = "$(TARGET_NAME)";
				SWIFT_EMIT_LOC_STRINGS = NO;
				SWIFT_VERSION = 5.0;
				TARGETED_DEVICE_FAMILY = "1,2";
				TEST_HOST = "$(BUILT_PRODUCTS_DIR)/Simple_Memo_Realm_MVVM.app/Simple_Memo_Realm_MVVM";
			};
			name = Debug;
		};
		86C411AB28B65BD90055AF63 /* Release */ = {
			isa = XCBuildConfiguration;
			buildSettings = {
				ALWAYS_EMBED_SWIFT_STANDARD_LIBRARIES = YES;
				BUNDLE_LOADER = "$(TEST_HOST)";
				CODE_SIGN_STYLE = Automatic;
				CURRENT_PROJECT_VERSION = 1;
				DEVELOPMENT_TEAM = 3R7XZ6SCLH;
				GENERATE_INFOPLIST_FILE = YES;
				IPHONEOS_DEPLOYMENT_TARGET = 15.5;
				MARKETING_VERSION = 1.0;
				PRODUCT_BUNDLE_IDENTIFIER = "Minion.Simple-Memo-Realm-MVVMTests";
				PRODUCT_NAME = "$(TARGET_NAME)";
				SWIFT_EMIT_LOC_STRINGS = NO;
				SWIFT_VERSION = 5.0;
				TARGETED_DEVICE_FAMILY = "1,2";
				TEST_HOST = "$(BUILT_PRODUCTS_DIR)/Simple_Memo_Realm_MVVM.app/Simple_Memo_Realm_MVVM";
			};
			name = Release;
		};
		86C411AD28B65BD90055AF63 /* Debug */ = {
			isa = XCBuildConfiguration;
			buildSettings = {
				ALWAYS_EMBED_SWIFT_STANDARD_LIBRARIES = YES;
				CODE_SIGN_STYLE = Automatic;
				CURRENT_PROJECT_VERSION = 1;
				DEVELOPMENT_TEAM = 3R7XZ6SCLH;
				GENERATE_INFOPLIST_FILE = YES;
				MARKETING_VERSION = 1.0;
				PRODUCT_BUNDLE_IDENTIFIER = "Minion.Simple-Memo-Realm-MVVMUITests";
				PRODUCT_NAME = "$(TARGET_NAME)";
				SWIFT_EMIT_LOC_STRINGS = NO;
				SWIFT_VERSION = 5.0;
				TARGETED_DEVICE_FAMILY = "1,2";
				TEST_TARGET_NAME = Simple_Memo_Realm_MVVM;
			};
			name = Debug;
		};
		86C411AE28B65BD90055AF63 /* Release */ = {
			isa = XCBuildConfiguration;
			buildSettings = {
				ALWAYS_EMBED_SWIFT_STANDARD_LIBRARIES = YES;
				CODE_SIGN_STYLE = Automatic;
				CURRENT_PROJECT_VERSION = 1;
				DEVELOPMENT_TEAM = 3R7XZ6SCLH;
				GENERATE_INFOPLIST_FILE = YES;
				MARKETING_VERSION = 1.0;
				PRODUCT_BUNDLE_IDENTIFIER = "Minion.Simple-Memo-Realm-MVVMUITests";
				PRODUCT_NAME = "$(TARGET_NAME)";
				SWIFT_EMIT_LOC_STRINGS = NO;
				SWIFT_VERSION = 5.0;
				TARGETED_DEVICE_FAMILY = "1,2";
				TEST_TARGET_NAME = Simple_Memo_Realm_MVVM;
			};
			name = Release;
		};
/* End XCBuildConfiguration section */

/* Begin XCConfigurationList section */
		86C4117D28B65BD60055AF63 /* Build configuration list for PBXProject "Simple_Memo_Realm_MVVM" */ = {
			isa = XCConfigurationList;
			buildConfigurations = (
				86C411A428B65BD90055AF63 /* Debug */,
				86C411A528B65BD90055AF63 /* Release */,
			);
			defaultConfigurationIsVisible = 0;
			defaultConfigurationName = Release;
		};
		86C411A628B65BD90055AF63 /* Build configuration list for PBXNativeTarget "Simple_Memo_Realm_MVVM" */ = {
			isa = XCConfigurationList;
			buildConfigurations = (
				86C411A728B65BD90055AF63 /* Debug */,
				86C411A828B65BD90055AF63 /* Release */,
			);
			defaultConfigurationIsVisible = 0;
			defaultConfigurationName = Release;
		};
		86C411A928B65BD90055AF63 /* Build configuration list for PBXNativeTarget "Simple_Memo_Realm_MVVMTests" */ = {
			isa = XCConfigurationList;
			buildConfigurations = (
				86C411AA28B65BD90055AF63 /* Debug */,
				86C411AB28B65BD90055AF63 /* Release */,
			);
			defaultConfigurationIsVisible = 0;
			defaultConfigurationName = Release;
		};
		86C411AC28B65BD90055AF63 /* Build configuration list for PBXNativeTarget "Simple_Memo_Realm_MVVMUITests" */ = {
			isa = XCConfigurationList;
			buildConfigurations = (
				86C411AD28B65BD90055AF63 /* Debug */,
				86C411AE28B65BD90055AF63 /* Release */,
			);
			defaultConfigurationIsVisible = 0;
			defaultConfigurationName = Release;
		};
/* End XCConfigurationList section */
	};
	rootObject = 86C4117A28B65BD60055AF63 /* Project object */;
}
